{
  "object": {
    "pins": [
      {
        "package": "CLMDB",
        "repositoryURL": "https://github.com/agisboye/CLMDB.git",
        "state": {
          "branch": null,
          "revision": "3b32b6473848c139b506cc39793798a832cfb688",
          "version": "0.9.30"
        }
      }
    ]
  },
  "version": 1
}
