{
  "object": {
    "pins": [
      {
        "package": "CLMDB",
        "repositoryURL": "https://github.com/agisboye/CLMDB.git",
        "state": {
          "branch": null,
          "revision": "24fd75459dd82fee490a2609c80a8def94fc695c",
          "version": "0.9.29"
        }
      }
    ]
  },
  "version": 1
}
