{
  "object": {
    "pins": [
      {
        "package": "CLMDB",
        "repositoryURL": "https://github.com/esurio/CLMDB.git",
        "state": {
          "branch": null,
          "revision": "3638bd5fd0eacdeb0cc1a8ee8de541cf2d44dec2",
          "version": "0.9.24"
        }
      }
    ]
  },
  "version": 1
}
